// !$*UTF8*$!
{
	archiveVersion = 1;
	classes = {
	};
	objectVersion = 56;
	objects = {

/* Begin PBXBuildFile section */
		BBB54F0429B3A72E00685BB2 /* AppDelegate.swift in Sources */ = {isa = PBXBuildFile; fileRef = BBB54F0329B3A72E00685BB2 /* AppDelegate.swift */; };
		BBB54F0629B3A72E00685BB2 /* SceneDelegate.swift in Sources */ = {isa = PBXBuildFile; fileRef = BBB54F0529B3A72E00685BB2 /* SceneDelegate.swift */; };
		BBB54F0829B3A72E00685BB2 /* ListViewController.swift in Sources */ = {isa = PBXBuildFile; fileRef = BBB54F0729B3A72E00685BB2 /* ListViewController.swift */; };
		BBB54F0B29B3A72E00685BB2 /* Main.storyboard in Resources */ = {isa = PBXBuildFile; fileRef = BBB54F0929B3A72E00685BB2 /* Main.storyboard */; };
		BBB54F0D29B3A73100685BB2 /* Assets.xcassets in Resources */ = {isa = PBXBuildFile; fileRef = BBB54F0C29B3A73100685BB2 /* Assets.xcassets */; };
		BBB54F1029B3A73100685BB2 /* LaunchScreen.storyboard in Resources */ = {isa = PBXBuildFile; fileRef = BBB54F0E29B3A73100685BB2 /* LaunchScreen.storyboard */; };
		BBB54F1C29B3B57F00685BB2 /* Person.swift in Sources */ = {isa = PBXBuildFile; fileRef = BBB54F1B29B3B57F00685BB2 /* Person.swift */; };
		BBB54F1F29B3BED100685BB2 /* DetailViewController.swift in Sources */ = {isa = PBXBuildFile; fileRef = BBB54F1E29B3BED100685BB2 /* DetailViewController.swift */; };
		BBB54F2129B3C09600685BB2 /* DataStore.swift in Sources */ = {isa = PBXBuildFile; fileRef = BBB54F2029B3C09600685BB2 /* DataStore.swift */; };
/* End PBXBuildFile section */

/* Begin PBXFileReference section */
		BBB54F0029B3A72E00685BB2 /* ContactList.app */ = {isa = PBXFileReference; explicitFileType = wrapper.application; includeInIndex = 0; path = ContactList.app; sourceTree = BUILT_PRODUCTS_DIR; };
		BBB54F0329B3A72E00685BB2 /* AppDelegate.swift */ = {isa = PBXFileReference; lastKnownFileType = sourcecode.swift; path = AppDelegate.swift; sourceTree = "<group>"; };
		BBB54F0529B3A72E00685BB2 /* SceneDelegate.swift */ = {isa = PBXFileReference; lastKnownFileType = sourcecode.swift; path = SceneDelegate.swift; sourceTree = "<group>"; };
		BBB54F0729B3A72E00685BB2 /* ListViewController.swift */ = {isa = PBXFileReference; lastKnownFileType = sourcecode.swift; path = ListViewController.swift; sourceTree = "<group>"; };
		BBB54F0A29B3A72E00685BB2 /* Base */ = {isa = PBXFileReference; lastKnownFileType = file.storyboard; name = Base; path = Base.lproj/Main.storyboard; sourceTree = "<group>"; };
		BBB54F0C29B3A73100685BB2 /* Assets.xcassets */ = {isa = PBXFileReference; lastKnownFileType = folder.assetcatalog; path = Assets.xcassets; sourceTree = "<group>"; };
		BBB54F0F29B3A73100685BB2 /* Base */ = {isa = PBXFileReference; lastKnownFileType = file.storyboard; name = Base; path = Base.lproj/LaunchScreen.storyboard; sourceTree = "<group>"; };
		BBB54F1129B3A73100685BB2 /* Info.plist */ = {isa = PBXFileReference; lastKnownFileType = text.plist.xml; path = Info.plist; sourceTree = "<group>"; };
		BBB54F1B29B3B57F00685BB2 /* Person.swift */ = {isa = PBXFileReference; lastKnownFileType = sourcecode.swift; path = Person.swift; sourceTree = "<group>"; };
		BBB54F1E29B3BED100685BB2 /* DetailViewController.swift */ = {isa = PBXFileReference; lastKnownFileType = sourcecode.swift; path = DetailViewController.swift; sourceTree = "<group>"; };
		BBB54F2029B3C09600685BB2 /* DataStore.swift */ = {isa = PBXFileReference; lastKnownFileType = sourcecode.swift; path = DataStore.swift; sourceTree = "<group>"; };
/* End PBXFileReference section */

/* Begin PBXFrameworksBuildPhase section */
		BBB54EFD29B3A72E00685BB2 /* Frameworks */ = {
			isa = PBXFrameworksBuildPhase;
			buildActionMask = 2147483647;
			files = (
			);
			runOnlyForDeploymentPostprocessing = 0;
		};
/* End PBXFrameworksBuildPhase section */

/* Begin PBXGroup section */
		BBB54EF729B3A72E00685BB2 = {
			isa = PBXGroup;
			children = (
				BBB54F0229B3A72E00685BB2 /* ContactList */,
				BBB54F0129B3A72E00685BB2 /* Products */,
			);
			sourceTree = "<group>";
		};
		BBB54F0129B3A72E00685BB2 /* Products */ = {
			isa = PBXGroup;
			children = (
				BBB54F0029B3A72E00685BB2 /* ContactList.app */,
			);
			name = Products;
			sourceTree = "<group>";
		};
		BBB54F0229B3A72E00685BB2 /* ContactList */ = {
			isa = PBXGroup;
			children = (
				BBB54F2229B3D5FC00685BB2 /* Services */,
				BBB54F1D29B3B5AD00685BB2 /* Models */,
				BBB54F1829B3A82400685BB2 /* App */,
				BBB54F1929B3A83700685BB2 /* ViewControllers */,
				BBB54F1729B3A7E800685BB2 /* Storyboards */,
				BBB54F1A29B3A85100685BB2 /* Assets */,
			);
			path = ContactList;
			sourceTree = "<group>";
		};
		BBB54F1729B3A7E800685BB2 /* Storyboards */ = {
			isa = PBXGroup;
			children = (
				BBB54F0929B3A72E00685BB2 /* Main.storyboard */,
				BBB54F0E29B3A73100685BB2 /* LaunchScreen.storyboard */,
			);
			path = Storyboards;
			sourceTree = "<group>";
		};
		BBB54F1829B3A82400685BB2 /* App */ = {
			isa = PBXGroup;
			children = (
				BBB54F0329B3A72E00685BB2 /* AppDelegate.swift */,
				BBB54F0529B3A72E00685BB2 /* SceneDelegate.swift */,
				BBB54F1129B3A73100685BB2 /* Info.plist */,
			);
			path = App;
			sourceTree = "<group>";
		};
		BBB54F1929B3A83700685BB2 /* ViewControllers */ = {
			isa = PBXGroup;
			children = (
				BBB54F0729B3A72E00685BB2 /* ListViewController.swift */,
				BBB54F1E29B3BED100685BB2 /* DetailViewController.swift */,
			);
			path = ViewControllers;
			sourceTree = "<group>";
		};
		BBB54F1A29B3A85100685BB2 /* Assets */ = {
			isa = PBXGroup;
			children = (
				BBB54F0C29B3A73100685BB2 /* Assets.xcassets */,
			);
			path = Assets;
			sourceTree = "<group>";
		};
		BBB54F1D29B3B5AD00685BB2 /* Models */ = {
			isa = PBXGroup;
			children = (
				BBB54F1B29B3B57F00685BB2 /* Person.swift */,
			);
			path = Models;
			sourceTree = "<group>";
		};
		BBB54F2229B3D5FC00685BB2 /* Services */ = {
			isa = PBXGroup;
			children = (
				BBB54F2029B3C09600685BB2 /* DataStore.swift */,
			);
			path = Services;
			sourceTree = "<group>";
		};
/* End PBXGroup section */

/* Begin PBXNativeTarget section */
		BBB54EFF29B3A72E00685BB2 /* ContactList */ = {
			isa = PBXNativeTarget;
			buildConfigurationList = BBB54F1429B3A73100685BB2 /* Build configuration list for PBXNativeTarget "ContactList" */;
			buildPhases = (
				BBB54EFC29B3A72E00685BB2 /* Sources */,
				BBB54EFD29B3A72E00685BB2 /* Frameworks */,
				BBB54EFE29B3A72E00685BB2 /* Resources */,
			);
			buildRules = (
			);
			dependencies = (
			);
			name = ContactList;
			productName = ContactList;
			productReference = BBB54F0029B3A72E00685BB2 /* ContactList.app */;
			productType = "com.apple.product-type.application";
		};
/* End PBXNativeTarget section */

/* Begin PBXProject section */
		BBB54EF829B3A72E00685BB2 /* Project object */ = {
			isa = PBXProject;
			attributes = {
				BuildIndependentTargetsInParallel = 1;
				LastSwiftUpdateCheck = 1420;
				LastUpgradeCheck = 1420;
				TargetAttributes = {
					BBB54EFF29B3A72E00685BB2 = {
						CreatedOnToolsVersion = 14.2;
					};
				};
			};
			buildConfigurationList = BBB54EFB29B3A72E00685BB2 /* Build configuration list for PBXProject "ContactList" */;
			compatibilityVersion = "Xcode 14.0";
			developmentRegion = en;
			hasScannedForEncodings = 0;
			knownRegions = (
				en,
				Base,
			);
			mainGroup = BBB54EF729B3A72E00685BB2;
			productRefGroup = BBB54F0129B3A72E00685BB2 /* Products */;
			projectDirPath = "";
			projectRoot = "";
			targets = (
				BBB54EFF29B3A72E00685BB2 /* ContactList */,
			);
		};
/* End PBXProject section */

/* Begin PBXResourcesBuildPhase section */
		BBB54EFE29B3A72E00685BB2 /* Resources */ = {
			isa = PBXResourcesBuildPhase;
			buildActionMask = 2147483647;
			files = (
				BBB54F1029B3A73100685BB2 /* LaunchScreen.storyboard in Resources */,
				BBB54F0D29B3A73100685BB2 /* Assets.xcassets in Resources */,
				BBB54F0B29B3A72E00685BB2 /* Main.storyboard in Resources */,
			);
			runOnlyForDeploymentPostprocessing = 0;
		};
/* End PBXResourcesBuildPhase section */

/* Begin PBXSourcesBuildPhase section */
		BBB54EFC29B3A72E00685BB2 /* Sources */ = {
			isa = PBXSourcesBuildPhase;
			buildActionMask = 2147483647;
			files = (
				BBB54F0829B3A72E00685BB2 /* ListViewController.swift in Sources */,
				BBB54F2129B3C09600685BB2 /* DataStore.swift in Sources */,
				BBB54F0429B3A72E00685BB2 /* AppDelegate.swift in Sources */,
				BBB54F1F29B3BED100685BB2 /* DetailViewController.swift in Sources */,
				BBB54F1C29B3B57F00685BB2 /* Person.swift in Sources */,
				BBB54F0629B3A72E00685BB2 /* SceneDelegate.swift in Sources */,
			);
			runOnlyForDeploymentPostprocessing = 0;
		};
/* End PBXSourcesBuildPhase section */

/* Begin PBXVariantGroup section */
		BBB54F0929B3A72E00685BB2 /* Main.storyboard */ = {
			isa = PBXVariantGroup;
			children = (
				BBB54F0A29B3A72E00685BB2 /* Base */,
			);
			name = Main.storyboard;
			sourceTree = "<group>";
		};
		BBB54F0E29B3A73100685BB2 /* LaunchScreen.storyboard */ = {
			isa = PBXVariantGroup;
			children = (
				BBB54F0F29B3A73100685BB2 /* Base */,
			);
			name = LaunchScreen.storyboard;
			sourceTree = "<group>";
		};
/* End PBXVariantGroup section */

/* Begin XCBuildConfiguration section */
		BBB54F1229B3A73100685BB2 /* Debug */ = {
			isa = XCBuildConfiguration;
			buildSettings = {
				ALWAYS_SEARCH_USER_PATHS = NO;
				CLANG_ANALYZER_NONNULL = YES;
				CLANG_ANALYZER_NUMBER_OBJECT_CONVERSION = YES_AGGRESSIVE;
				CLANG_CXX_LANGUAGE_STANDARD = "gnu++20";
				CLANG_ENABLE_MODULES = YES;
				CLANG_ENABLE_OBJC_ARC = YES;
				CLANG_ENABLE_OBJC_WEAK = YES;
				CLANG_WARN_BLOCK_CAPTURE_AUTORELEASING = YES;
				CLANG_WARN_BOOL_CONVERSION = YES;
				CLANG_WARN_COMMA = YES;
				CLANG_WARN_CONSTANT_CONVERSION = YES;
				CLANG_WARN_DEPRECATED_OBJC_IMPLEMENTATIONS = YES;
				CLANG_WARN_DIRECT_OBJC_ISA_USAGE = YES_ERROR;
				CLANG_WARN_DOCUMENTATION_COMMENTS = YES;
				CLANG_WARN_EMPTY_BODY = YES;
				CLANG_WARN_ENUM_CONVERSION = YES;
				CLANG_WARN_INFINITE_RECURSION = YES;
				CLANG_WARN_INT_CONVERSION = YES;
				CLANG_WARN_NON_LITERAL_NULL_CONVERSION = YES;
				CLANG_WARN_OBJC_IMPLICIT_RETAIN_SELF = YES;
				CLANG_WARN_OBJC_LITERAL_CONVERSION = YES;
				CLANG_WARN_OBJC_ROOT_CLASS = YES_ERROR;
				CLANG_WARN_QUOTED_INCLUDE_IN_FRAMEWORK_HEADER = YES;
				CLANG_WARN_RANGE_LOOP_ANALYSIS = YES;
				CLANG_WARN_STRICT_PROTOTYPES = YES;
				CLANG_WARN_SUSPICIOUS_MOVE = YES;
				CLANG_WARN_UNGUARDED_AVAILABILITY = YES_AGGRESSIVE;
				CLANG_WARN_UNREACHABLE_CODE = YES;
				CLANG_WARN__DUPLICATE_METHOD_MATCH = YES;
				COPY_PHASE_STRIP = NO;
				DEBUG_INFORMATION_FORMAT = dwarf;
				ENABLE_STRICT_OBJC_MSGSEND = YES;
				ENABLE_TESTABILITY = YES;
				GCC_C_LANGUAGE_STANDARD = gnu11;
				GCC_DYNAMIC_NO_PIC = NO;
				GCC_NO_COMMON_BLOCKS = YES;
				GCC_OPTIMIZATION_LEVEL = 0;
				GCC_PREPROCESSOR_DEFINITIONS = (
					"DEBUG=1",
					"$(inherited)",
				);
				GCC_WARN_64_TO_32_BIT_CONVERSION = YES;
				GCC_WARN_ABOUT_RETURN_TYPE = YES_ERROR;
				GCC_WARN_UNDECLARED_SELECTOR = YES;
				GCC_WARN_UNINITIALIZED_AUTOS = YES_AGGRESSIVE;
				GCC_WARN_UNUSED_FUNCTION = YES;
				GCC_WARN_UNUSED_VARIABLE = YES;
				IPHONEOS_DEPLOYMENT_TARGET = 16.2;
				MTL_ENABLE_DEBUG_INFO = INCLUDE_SOURCE;
				MTL_FAST_MATH = YES;
				ONLY_ACTIVE_ARCH = YES;
				SDKROOT = iphoneos;
				SWIFT_ACTIVE_COMPILATION_CONDITIONS = DEBUG;
				SWIFT_OPTIMIZATION_LEVEL = "-Onone";
			};
			name = Debug;
		};
		BBB54F1329B3A73100685BB2 /* Release */ = {
			isa = XCBuildConfiguration;
			buildSettings = {
				ALWAYS_SEARCH_USER_PATHS = NO;
				CLANG_ANALYZER_NONNULL = YES;
				CLANG_ANALYZER_NUMBER_OBJECT_CONVERSION = YES_AGGRESSIVE;
				CLANG_CXX_LANGUAGE_STANDARD = "gnu++20";
				CLANG_ENABLE_MODULES = YES;
				CLANG_ENABLE_OBJC_ARC = YES;
				CLANG_ENABLE_OBJC_WEAK = YES;
				CLANG_WARN_BLOCK_CAPTURE_AUTORELEASING = YES;
				CLANG_WARN_BOOL_CONVERSION = YES;
				CLANG_WARN_COMMA = YES;
				CLANG_WARN_CONSTANT_CONVERSION = YES;
				CLANG_WARN_DEPRECATED_OBJC_IMPLEMENTATIONS = YES;
				CLANG_WARN_DIRECT_OBJC_ISA_USAGE = YES_ERROR;
				CLANG_WARN_DOCUMENTATION_COMMENTS = YES;
				CLANG_WARN_EMPTY_BODY = YES;
				CLANG_WARN_ENUM_CONVERSION = YES;
				CLANG_WARN_INFINITE_RECURSION = YES;
				CLANG_WARN_INT_CONVERSION = YES;
				CLANG_WARN_NON_LITERAL_NULL_CONVERSION = YES;
				CLANG_WARN_OBJC_IMPLICIT_RETAIN_SELF = YES;
				CLANG_WARN_OBJC_LITERAL_CONVERSION = YES;
				CLANG_WARN_OBJC_ROOT_CLASS = YES_ERROR;
				CLANG_WARN_QUOTED_INCLUDE_IN_FRAMEWORK_HEADER = YES;
				CLANG_WARN_RANGE_LOOP_ANALYSIS = YES;
				CLANG_WARN_STRICT_PROTOTYPES = YES;
				CLANG_WARN_SUSPICIOUS_MOVE = YES;
				CLANG_WARN_UNGUARDED_AVAILABILITY = YES_AGGRESSIVE;
				CLANG_WARN_UNREACHABLE_CODE = YES;
				CLANG_WARN__DUPLICATE_METHOD_MATCH = YES;
				COPY_PHASE_STRIP = NO;
				DEBUG_INFORMATION_FORMAT = "dwarf-with-dsym";
				ENABLE_NS_ASSERTIONS = NO;
				ENABLE_STRICT_OBJC_MSGSEND = YES;
				GCC_C_LANGUAGE_STANDARD = gnu11;
				GCC_NO_COMMON_BLOCKS = YES;
				GCC_WARN_64_TO_32_BIT_CONVERSION = YES;
				GCC_WARN_ABOUT_RETURN_TYPE = YES_ERROR;
				GCC_WARN_UNDECLARED_SELECTOR = YES;
				GCC_WARN_UNINITIALIZED_AUTOS = YES_AGGRESSIVE;
				GCC_WARN_UNUSED_FUNCTION = YES;
				GCC_WARN_UNUSED_VARIABLE = YES;
				IPHONEOS_DEPLOYMENT_TARGET = 16.2;
				MTL_ENABLE_DEBUG_INFO = NO;
				MTL_FAST_MATH = YES;
				SDKROOT = iphoneos;
				SWIFT_COMPILATION_MODE = wholemodule;
				SWIFT_OPTIMIZATION_LEVEL = "-O";
				VALIDATE_PRODUCT = YES;
			};
			name = Release;
		};
		BBB54F1529B3A73100685BB2 /* Debug */ = {
			isa = XCBuildConfiguration;
			buildSettings = {
				ASSETCATALOG_COMPILER_APPICON_NAME = AppIcon;
				ASSETCATALOG_COMPILER_GLOBAL_ACCENT_COLOR_NAME = AccentColor;
				CODE_SIGN_STYLE = Automatic;
				CURRENT_PROJECT_VERSION = 1;
				DEVELOPMENT_TEAM = D97D9P4X79;
				GENERATE_INFOPLIST_FILE = YES;
				INFOPLIST_FILE = ContactList/App/Info.plist;
				INFOPLIST_KEY_UIApplicationSupportsIndirectInputEvents = YES;
				INFOPLIST_KEY_UILaunchStoryboardName = LaunchScreen;
				INFOPLIST_KEY_UIMainStoryboardFile = Main;
				INFOPLIST_KEY_UISupportedInterfaceOrientations = UIInterfaceOrientationPortrait;
				INFOPLIST_KEY_UISupportedInterfaceOrientations_iPad = "UIInterfaceOrientationLandscapeLeft UIInterfaceOrientationLandscapeRight UIInterfaceOrientationPortrait UIInterfaceOrientationPortraitUpsideDown";
				IPHONEOS_DEPLOYMENT_TARGET = 14.0;
				LD_RUNPATH_SEARCH_PATHS = (
					"$(inherited)",
					"@executable_path/Frameworks",
				);
				MARKETING_VERSION = 1.0;
				PRODUCT_BUNDLE_IDENTIFIER = GuninGL.ContactList;
				PRODUCT_NAME = "$(TARGET_NAME)";
				SUPPORTED_PLATFORMS = "iphoneos iphonesimulator";
				SUPPORTS_MACCATALYST = NO;
				SUPPORTS_MAC_DESIGNED_FOR_IPHONE_IPAD = NO;
				SWIFT_EMIT_LOC_STRINGS = YES;
				SWIFT_VERSION = 5.0;
				TARGETED_DEVICE_FAMILY = 1;
			};
			name = Debug;
		};
		BBB54F1629B3A73100685BB2 /* Release */ = {
			isa = XCBuildConfiguration;
			buildSettings = {
				ASSETCATALOG_COMPILER_APPICON_NAME = AppIcon;
				ASSETCATALOG_COMPILER_GLOBAL_ACCENT_COLOR_NAME = AccentColor;
				CODE_SIGN_STYLE = Automatic;
				CURRENT_PROJECT_VERSION = 1;
				DEVELOPMENT_TEAM = D97D9P4X79;
				GENERATE_INFOPLIST_FILE = YES;
				INFOPLIST_FILE = ContactList/App/Info.plist;
				INFOPLIST_KEY_UIApplicationSupportsIndirectInputEvents = YES;
				INFOPLIST_KEY_UILaunchStoryboardName = LaunchScreen;
				INFOPLIST_KEY_UIMainStoryboardFile = Main;
				INFOPLIST_KEY_UISupportedInterfaceOrientations = UIInterfaceOrientationPortrait;
				INFOPLIST_KEY_UISupportedInterfaceOrientations_iPad = "UIInterfaceOrientationLandscapeLeft UIInterfaceOrientationLandscapeRight UIInterfaceOrientationPortrait UIInterfaceOrientationPortraitUpsideDown";
				IPHONEOS_DEPLOYMENT_TARGET = 14.0;
				LD_RUNPATH_SEARCH_PATHS = (
					"$(inherited)",
					"@executable_path/Frameworks",
				);
				MARKETING_VERSION = 1.0;
				PRODUCT_BUNDLE_IDENTIFIER = GuninGL.ContactList;
				PRODUCT_NAME = "$(TARGET_NAME)";
				SUPPORTED_PLATFORMS = "iphoneos iphonesimulator";
				SUPPORTS_MACCATALYST = NO;
				SUPPORTS_MAC_DESIGNED_FOR_IPHONE_IPAD = NO;
				SWIFT_EMIT_LOC_STRINGS = YES;
				SWIFT_VERSION = 5.0;
				TARGETED_DEVICE_FAMILY = 1;
			};
			name = Release;
		};
/* End XCBuildConfiguration section */

/* Begin XCConfigurationList section */
		BBB54EFB29B3A72E00685BB2 /* Build configuration list for PBXProject "ContactList" */ = {
			isa = XCConfigurationList;
			buildConfigurations = (
				BBB54F1229B3A73100685BB2 /* Debug */,
				BBB54F1329B3A73100685BB2 /* Release */,
			);
			defaultConfigurationIsVisible = 0;
			defaultConfigurationName = Release;
		};
		BBB54F1429B3A73100685BB2 /* Build configuration list for PBXNativeTarget "ContactList" */ = {
			isa = XCConfigurationList;
			buildConfigurations = (
				BBB54F1529B3A73100685BB2 /* Debug */,
				BBB54F1629B3A73100685BB2 /* Release */,
			);
			defaultConfigurationIsVisible = 0;
			defaultConfigurationName = Release;
		};
/* End XCConfigurationList section */
	};
	rootObject = BBB54EF829B3A72E00685BB2 /* Project object */;
}
